// !$*UTF8*$!
{
	archiveVersion = 1;
	classes = {
	};
	objectVersion = 56;
	objects = {

/* Begin PBXBuildFile section */
		67FF34F82B1A5D2C0077DBF5 /* Node.cpp in Sources */ = {isa = PBXBuildFile; fileRef = 67FF34EB2B1A5D2C0077DBF5 /* Node.cpp */; };
		67FF34F92B1A5D2C0077DBF5 /* Passenger.cpp in Sources */ = {isa = PBXBuildFile; fileRef = 67FF34EE2B1A5D2C0077DBF5 /* Passenger.cpp */; };
		67FF34FA2B1A5D2C0077DBF5 /* Seat.cpp in Sources */ = {isa = PBXBuildFile; fileRef = 67FF34F02B1A5D2C0077DBF5 /* Seat.cpp */; };
		67FF34FB2B1A5D2C0077DBF5 /* main.cpp in Sources */ = {isa = PBXBuildFile; fileRef = 67FF34F22B1A5D2C0077DBF5 /* main.cpp */; };
		67FF34FC2B1A5D2C0077DBF5 /* Airline.cpp in Sources */ = {isa = PBXBuildFile; fileRef = 67FF34F42B1A5D2C0077DBF5 /* Airline.cpp */; };
		67FF34FD2B1A5D2C0077DBF5 /* Flight.cpp in Sources */ = {isa = PBXBuildFile; fileRef = 67FF34F72B1A5D2C0077DBF5 /* Flight.cpp */; };
/* End PBXBuildFile section */

/* Begin PBXCopyFilesBuildPhase section */
		67FF34DD2B1A5C800077DBF5 /* CopyFiles */ = {
			isa = PBXCopyFilesBuildPhase;
			buildActionMask = 2147483647;
			dstPath = /usr/share/man/man1/;
			dstSubfolderSpec = 0;
			files = (
			);
			runOnlyForDeploymentPostprocessing = 1;
		};
/* End PBXCopyFilesBuildPhase section */

/* Begin PBXFileReference section */
		67FF34DF2B1A5C800077DBF5 /* Flight */ = {isa = PBXFileReference; explicitFileType = "compiled.mach-o.executable"; includeInIndex = 0; path = Flight; sourceTree = BUILT_PRODUCTS_DIR; };
		67FF34E92B1A5D2C0077DBF5 /* Flight.hpp */ = {isa = PBXFileReference; fileEncoding = 4; lastKnownFileType = sourcecode.cpp.h; name = Flight.hpp; path = ../../Flight.hpp; sourceTree = "<group>"; };
		67FF34EA2B1A5D2C0077DBF5 /* main.hpp */ = {isa = PBXFileReference; fileEncoding = 4; lastKnownFileType = sourcecode.cpp.h; name = main.hpp; path = ../../main.hpp; sourceTree = "<group>"; };
		67FF34EB2B1A5D2C0077DBF5 /* Node.cpp */ = {isa = PBXFileReference; fileEncoding = 4; lastKnownFileType = sourcecode.cpp.cpp; name = Node.cpp; path = ../../Node.cpp; sourceTree = "<group>"; };
		67FF34EC2B1A5D2C0077DBF5 /* template */ = {isa = PBXFileReference; fileEncoding = 4; lastKnownFileType = text; name = template; path = ../../template; sourceTree = "<group>"; };
		67FF34ED2B1A5D2C0077DBF5 /* Seat.hpp */ = {isa = PBXFileReference; fileEncoding = 4; lastKnownFileType = sourcecode.cpp.h; name = Seat.hpp; path = ../../Seat.hpp; sourceTree = "<group>"; };
		67FF34EE2B1A5D2C0077DBF5 /* Passenger.cpp */ = {isa = PBXFileReference; fileEncoding = 4; lastKnownFileType = sourcecode.cpp.cpp; name = Passenger.cpp; path = ../../Passenger.cpp; sourceTree = "<group>"; };
		67FF34EF2B1A5D2C0077DBF5 /* Airline.hpp */ = {isa = PBXFileReference; fileEncoding = 4; lastKnownFileType = sourcecode.cpp.h; name = Airline.hpp; path = ../../Airline.hpp; sourceTree = "<group>"; };
		67FF34F02B1A5D2C0077DBF5 /* Seat.cpp */ = {isa = PBXFileReference; fileEncoding = 4; lastKnownFileType = sourcecode.cpp.cpp; name = Seat.cpp; path = ../../Seat.cpp; sourceTree = "<group>"; };
		67FF34F12B1A5D2C0077DBF5 /* Node.hpp */ = {isa = PBXFileReference; fileEncoding = 4; lastKnownFileType = sourcecode.cpp.h; name = Node.hpp; path = ../../Node.hpp; sourceTree = "<group>"; };
		67FF34F22B1A5D2C0077DBF5 /* main.cpp */ = {isa = PBXFileReference; fileEncoding = 4; lastKnownFileType = sourcecode.cpp.cpp; name = main.cpp; path = ../../main.cpp; sourceTree = "<group>"; };
		67FF34F42B1A5D2C0077DBF5 /* Airline.cpp */ = {isa = PBXFileReference; fileEncoding = 4; lastKnownFileType = sourcecode.cpp.cpp; name = Airline.cpp; path = ../../Airline.cpp; sourceTree = "<group>"; };
		67FF34F52B1A5D2C0077DBF5 /* flight_info.txt */ = {isa = PBXFileReference; fileEncoding = 4; lastKnownFileType = text; name = flight_info.txt; path = ../../flight_info.txt; sourceTree = "<group>"; };
		67FF34F62B1A5D2C0077DBF5 /* Passenger.hpp */ = {isa = PBXFileReference; fileEncoding = 4; lastKnownFileType = sourcecode.cpp.h; name = Passenger.hpp; path = ../../Passenger.hpp; sourceTree = "<group>"; };
		67FF34F72B1A5D2C0077DBF5 /* Flight.cpp */ = {isa = PBXFileReference; fileEncoding = 4; lastKnownFileType = sourcecode.cpp.cpp; name = Flight.cpp; path = ../../Flight.cpp; sourceTree = "<group>"; };
/* End PBXFileReference section */

/* Begin PBXFrameworksBuildPhase section */
		67FF34DC2B1A5C800077DBF5 /* Frameworks */ = {
			isa = PBXFrameworksBuildPhase;
			buildActionMask = 2147483647;
			files = (
			);
			runOnlyForDeploymentPostprocessing = 0;
		};
/* End PBXFrameworksBuildPhase section */

/* Begin PBXGroup section */
		67FF34D62B1A5C800077DBF5 = {
			isa = PBXGroup;
			children = (
				67FF34E12B1A5C800077DBF5 /* Flight */,
				67FF34E02B1A5C800077DBF5 /* Products */,
			);
			sourceTree = "<group>";
		};
		67FF34E02B1A5C800077DBF5 /* Products */ = {
			isa = PBXGroup;
			children = (
				67FF34DF2B1A5C800077DBF5 /* Flight */,
			);
			name = Products;
			sourceTree = "<group>";
		};
		67FF34E12B1A5C800077DBF5 /* Flight */ = {
			isa = PBXGroup;
			children = (
				67FF34F42B1A5D2C0077DBF5 /* Airline.cpp */,
				67FF34EF2B1A5D2C0077DBF5 /* Airline.hpp */,
				67FF34F52B1A5D2C0077DBF5 /* flight_info.txt */,
				67FF34F72B1A5D2C0077DBF5 /* Flight.cpp */,
				67FF34E92B1A5D2C0077DBF5 /* Flight.hpp */,
				67FF34F22B1A5D2C0077DBF5 /* main.cpp */,
				67FF34EA2B1A5D2C0077DBF5 /* main.hpp */,
				67FF34EB2B1A5D2C0077DBF5 /* Node.cpp */,
				67FF34F12B1A5D2C0077DBF5 /* Node.hpp */,
				67FF34EE2B1A5D2C0077DBF5 /* Passenger.cpp */,
				67FF34F62B1A5D2C0077DBF5 /* Passenger.hpp */,
				67FF34F02B1A5D2C0077DBF5 /* Seat.cpp */,
				67FF34ED2B1A5D2C0077DBF5 /* Seat.hpp */,
				67FF34EC2B1A5D2C0077DBF5 /* template */,
			);
			path = Flight;
			sourceTree = "<group>";
		};
/* End PBXGroup section */

/* Begin PBXNativeTarget section */
		67FF34DE2B1A5C800077DBF5 /* Flight */ = {
			isa = PBXNativeTarget;
			buildConfigurationList = 67FF34E62B1A5C800077DBF5 /* Build configuration list for PBXNativeTarget "Flight" */;
			buildPhases = (
				67FF34DB2B1A5C800077DBF5 /* Sources */,
				67FF34DC2B1A5C800077DBF5 /* Frameworks */,
				67FF34DD2B1A5C800077DBF5 /* CopyFiles */,
			);
			buildRules = (
			);
			dependencies = (
			);
			name = Flight;
			productName = Flight;
			productReference = 67FF34DF2B1A5C800077DBF5 /* Flight */;
			productType = "com.apple.product-type.tool";
		};
/* End PBXNativeTarget section */

/* Begin PBXProject section */
		67FF34D72B1A5C800077DBF5 /* Project object */ = {
			isa = PBXProject;
			attributes = {
				BuildIndependentTargetsInParallel = 1;
				LastUpgradeCheck = 1500;
				TargetAttributes = {
					67FF34DE2B1A5C800077DBF5 = {
						CreatedOnToolsVersion = 15.0;
					};
				};
			};
			buildConfigurationList = 67FF34DA2B1A5C800077DBF5 /* Build configuration list for PBXProject "Flight" */;
			compatibilityVersion = "Xcode 14.0";
			developmentRegion = en;
			hasScannedForEncodings = 0;
			knownRegions = (
				en,
				Base,
			);
			mainGroup = 67FF34D62B1A5C800077DBF5;
			productRefGroup = 67FF34E02B1A5C800077DBF5 /* Products */;
			projectDirPath = "";
			projectRoot = "";
			targets = (
				67FF34DE2B1A5C800077DBF5 /* Flight */,
			);
		};
/* End PBXProject section */

/* Begin PBXSourcesBuildPhase section */
		67FF34DB2B1A5C800077DBF5 /* Sources */ = {
			isa = PBXSourcesBuildPhase;
			buildActionMask = 2147483647;
			files = (
				67FF34FC2B1A5D2C0077DBF5 /* Airline.cpp in Sources */,
				67FF34FD2B1A5D2C0077DBF5 /* Flight.cpp in Sources */,
				67FF34F92B1A5D2C0077DBF5 /* Passenger.cpp in Sources */,
				67FF34FA2B1A5D2C0077DBF5 /* Seat.cpp in Sources */,
				67FF34FB2B1A5D2C0077DBF5 /* main.cpp in Sources */,
				67FF34F82B1A5D2C0077DBF5 /* Node.cpp in Sources */,
			);
			runOnlyForDeploymentPostprocessing = 0;
		};
/* End PBXSourcesBuildPhase section */

/* Begin XCBuildConfiguration section */
		67FF34E42B1A5C800077DBF5 /* Debug */ = {
			isa = XCBuildConfiguration;
			buildSettings = {
				ALWAYS_SEARCH_USER_PATHS = NO;
				ASSETCATALOG_COMPILER_GENERATE_SWIFT_ASSET_SYMBOL_EXTENSIONS = YES;
				CLANG_ANALYZER_NONNULL = YES;
				CLANG_ANALYZER_NUMBER_OBJECT_CONVERSION = YES_AGGRESSIVE;
				CLANG_CXX_LANGUAGE_STANDARD = "gnu++20";
				CLANG_ENABLE_MODULES = YES;
				CLANG_ENABLE_OBJC_ARC = YES;
				CLANG_ENABLE_OBJC_WEAK = YES;
				CLANG_WARN_BLOCK_CAPTURE_AUTORELEASING = YES;
				CLANG_WARN_BOOL_CONVERSION = YES;
				CLANG_WARN_COMMA = YES;
				CLANG_WARN_CONSTANT_CONVERSION = YES;
				CLANG_WARN_DEPRECATED_OBJC_IMPLEMENTATIONS = YES;
				CLANG_WARN_DIRECT_OBJC_ISA_USAGE = YES_ERROR;
				CLANG_WARN_DOCUMENTATION_COMMENTS = YES;
				CLANG_WARN_EMPTY_BODY = YES;
				CLANG_WARN_ENUM_CONVERSION = YES;
				CLANG_WARN_INFINITE_RECURSION = YES;
				CLANG_WARN_INT_CONVERSION = YES;
				CLANG_WARN_NON_LITERAL_NULL_CONVERSION = YES;
				CLANG_WARN_OBJC_IMPLICIT_RETAIN_SELF = YES;
				CLANG_WARN_OBJC_LITERAL_CONVERSION = YES;
				CLANG_WARN_OBJC_ROOT_CLASS = YES_ERROR;
				CLANG_WARN_QUOTED_INCLUDE_IN_FRAMEWORK_HEADER = YES;
				CLANG_WARN_RANGE_LOOP_ANALYSIS = YES;
				CLANG_WARN_STRICT_PROTOTYPES = YES;
				CLANG_WARN_SUSPICIOUS_MOVE = YES;
				CLANG_WARN_UNGUARDED_AVAILABILITY = YES_AGGRESSIVE;
				CLANG_WARN_UNREACHABLE_CODE = YES;
				CLANG_WARN__DUPLICATE_METHOD_MATCH = YES;
				COPY_PHASE_STRIP = NO;
				DEBUG_INFORMATION_FORMAT = dwarf;
				ENABLE_STRICT_OBJC_MSGSEND = YES;
				ENABLE_TESTABILITY = YES;
				ENABLE_USER_SCRIPT_SANDBOXING = YES;
				GCC_C_LANGUAGE_STANDARD = gnu17;
				GCC_DYNAMIC_NO_PIC = NO;
				GCC_NO_COMMON_BLOCKS = YES;
				GCC_OPTIMIZATION_LEVEL = 0;
				GCC_PREPROCESSOR_DEFINITIONS = (
					"DEBUG=1",
					"$(inherited)",
				);
				GCC_WARN_64_TO_32_BIT_CONVERSION = YES;
				GCC_WARN_ABOUT_RETURN_TYPE = YES_ERROR;
				GCC_WARN_UNDECLARED_SELECTOR = YES;
				GCC_WARN_UNINITIALIZED_AUTOS = YES_AGGRESSIVE;
				GCC_WARN_UNUSED_FUNCTION = YES;
				GCC_WARN_UNUSED_VARIABLE = YES;
				LOCALIZATION_PREFERS_STRING_CATALOGS = YES;
				MACOSX_DEPLOYMENT_TARGET = 14.0;
				MTL_ENABLE_DEBUG_INFO = INCLUDE_SOURCE;
				MTL_FAST_MATH = YES;
				ONLY_ACTIVE_ARCH = YES;
				SDKROOT = macosx;
			};
			name = Debug;
		};
		67FF34E52B1A5C800077DBF5 /* Release */ = {
			isa = XCBuildConfiguration;
			buildSettings = {
				ALWAYS_SEARCH_USER_PATHS = NO;
				ASSETCATALOG_COMPILER_GENERATE_SWIFT_ASSET_SYMBOL_EXTENSIONS = YES;
				CLANG_ANALYZER_NONNULL = YES;
				CLANG_ANALYZER_NUMBER_OBJECT_CONVERSION = YES_AGGRESSIVE;
				CLANG_CXX_LANGUAGE_STANDARD = "gnu++20";
				CLANG_ENABLE_MODULES = YES;
				CLANG_ENABLE_OBJC_ARC = YES;
				CLANG_ENABLE_OBJC_WEAK = YES;
				CLANG_WARN_BLOCK_CAPTURE_AUTORELEASING = YES;
				CLANG_WARN_BOOL_CONVERSION = YES;
				CLANG_WARN_COMMA = YES;
				CLANG_WARN_CONSTANT_CONVERSION = YES;
				CLANG_WARN_DEPRECATED_OBJC_IMPLEMENTATIONS = YES;
				CLANG_WARN_DIRECT_OBJC_ISA_USAGE = YES_ERROR;
				CLANG_WARN_DOCUMENTATION_COMMENTS = YES;
				CLANG_WARN_EMPTY_BODY = YES;
				CLANG_WARN_ENUM_CONVERSION = YES;
				CLANG_WARN_INFINITE_RECURSION = YES;
				CLANG_WARN_INT_CONVERSION = YES;
				CLANG_WARN_NON_LITERAL_NULL_CONVERSION = YES;
				CLANG_WARN_OBJC_IMPLICIT_RETAIN_SELF = YES;
				CLANG_WARN_OBJC_LITERAL_CONVERSION = YES;
				CLANG_WARN_OBJC_ROOT_CLASS = YES_ERROR;
				CLANG_WARN_QUOTED_INCLUDE_IN_FRAMEWORK_HEADER = YES;
				CLANG_WARN_RANGE_LOOP_ANALYSIS = YES;
				CLANG_WARN_STRICT_PROTOTYPES = YES;
				CLANG_WARN_SUSPICIOUS_MOVE = YES;
				CLANG_WARN_UNGUARDED_AVAILABILITY = YES_AGGRESSIVE;
				CLANG_WARN_UNREACHABLE_CODE = YES;
				CLANG_WARN__DUPLICATE_METHOD_MATCH = YES;
				COPY_PHASE_STRIP = NO;
				DEBUG_INFORMATION_FORMAT = "dwarf-with-dsym";
				ENABLE_NS_ASSERTIONS = NO;
				ENABLE_STRICT_OBJC_MSGSEND = YES;
				ENABLE_USER_SCRIPT_SANDBOXING = YES;
				GCC_C_LANGUAGE_STANDARD = gnu17;
				GCC_NO_COMMON_BLOCKS = YES;
				GCC_WARN_64_TO_32_BIT_CONVERSION = YES;
				GCC_WARN_ABOUT_RETURN_TYPE = YES_ERROR;
				GCC_WARN_UNDECLARED_SELECTOR = YES;
				GCC_WARN_UNINITIALIZED_AUTOS = YES_AGGRESSIVE;
				GCC_WARN_UNUSED_FUNCTION = YES;
				GCC_WARN_UNUSED_VARIABLE = YES;
				LOCALIZATION_PREFERS_STRING_CATALOGS = YES;
				MACOSX_DEPLOYMENT_TARGET = 14.0;
				MTL_ENABLE_DEBUG_INFO = NO;
				MTL_FAST_MATH = YES;
				SDKROOT = macosx;
			};
			name = Release;
		};
		67FF34E72B1A5C800077DBF5 /* Debug */ = {
			isa = XCBuildConfiguration;
			buildSettings = {
				CODE_SIGN_STYLE = Automatic;
				PRODUCT_NAME = "$(TARGET_NAME)";
			};
			name = Debug;
		};
		67FF34E82B1A5C800077DBF5 /* Release */ = {
			isa = XCBuildConfiguration;
			buildSettings = {
				CODE_SIGN_STYLE = Automatic;
				PRODUCT_NAME = "$(TARGET_NAME)";
			};
			name = Release;
		};
/* End XCBuildConfiguration section */

/* Begin XCConfigurationList section */
		67FF34DA2B1A5C800077DBF5 /* Build configuration list for PBXProject "Flight" */ = {
			isa = XCConfigurationList;
			buildConfigurations = (
				67FF34E42B1A5C800077DBF5 /* Debug */,
				67FF34E52B1A5C800077DBF5 /* Release */,
			);
			defaultConfigurationIsVisible = 0;
			defaultConfigurationName = Release;
		};
		67FF34E62B1A5C800077DBF5 /* Build configuration list for PBXNativeTarget "Flight" */ = {
			isa = XCConfigurationList;
			buildConfigurations = (
				67FF34E72B1A5C800077DBF5 /* Debug */,
				67FF34E82B1A5C800077DBF5 /* Release */,
			);
			defaultConfigurationIsVisible = 0;
			defaultConfigurationName = Release;
		};
/* End XCConfigurationList section */
	};
	rootObject = 67FF34D72B1A5C800077DBF5 /* Project object */;
}
